// !$*UTF8*$!
{
	archiveVersion = 1;
	classes = {
	};
	objectVersion = 50;
	objects = {

/* Begin PBXBuildFile section */
		FB980B78268617300022E3E4 /* AppDelegate.swift in Sources */ = {isa = PBXBuildFile; fileRef = FB980B77268617300022E3E4 /* AppDelegate.swift */; };
		FB980B7A268617300022E3E4 /* ViewController.swift in Sources */ = {isa = PBXBuildFile; fileRef = FB980B79268617300022E3E4 /* ViewController.swift */; };
		FB980B7D268617300022E3E4 /* Main.storyboard in Resources */ = {isa = PBXBuildFile; fileRef = FB980B7B268617300022E3E4 /* Main.storyboard */; };
		FB980B80268617300022E3E4 /* Counter.xcdatamodeld in Sources */ = {isa = PBXBuildFile; fileRef = FB980B7E268617300022E3E4 /* Counter.xcdatamodeld */; };
		FB980B82268617310022E3E4 /* Assets.xcassets in Resources */ = {isa = PBXBuildFile; fileRef = FB980B81268617310022E3E4 /* Assets.xcassets */; };
		FB980B85268617310022E3E4 /* LaunchScreen.storyboard in Resources */ = {isa = PBXBuildFile; fileRef = FB980B83268617310022E3E4 /* LaunchScreen.storyboard */; };
		FB980B90268617310022E3E4 /* CounterTests.swift in Sources */ = {isa = PBXBuildFile; fileRef = FB980B8F268617310022E3E4 /* CounterTests.swift */; };
		FB980B9B268617310022E3E4 /* CounterUITests.swift in Sources */ = {isa = PBXBuildFile; fileRef = FB980B9A268617310022E3E4 /* CounterUITests.swift */; };
/* End PBXBuildFile section */

/* Begin PBXContainerItemProxy section */
		FB980B8C268617310022E3E4 /* PBXContainerItemProxy */ = {
			isa = PBXContainerItemProxy;
			containerPortal = FB980B6C2686172F0022E3E4 /* Project object */;
			proxyType = 1;
			remoteGlobalIDString = FB980B732686172F0022E3E4;
			remoteInfo = Counter;
		};
		FB980B97268617310022E3E4 /* PBXContainerItemProxy */ = {
			isa = PBXContainerItemProxy;
			containerPortal = FB980B6C2686172F0022E3E4 /* Project object */;
			proxyType = 1;
			remoteGlobalIDString = FB980B732686172F0022E3E4;
			remoteInfo = Counter;
		};
/* End PBXContainerItemProxy section */

/* Begin PBXFileReference section */
		FB980B74268617300022E3E4 /* Counter.app */ = {isa = PBXFileReference; explicitFileType = wrapper.application; includeInIndex = 0; path = Counter.app; sourceTree = BUILT_PRODUCTS_DIR; };
		FB980B77268617300022E3E4 /* AppDelegate.swift */ = {isa = PBXFileReference; lastKnownFileType = sourcecode.swift; path = AppDelegate.swift; sourceTree = "<group>"; };
		FB980B79268617300022E3E4 /* ViewController.swift */ = {isa = PBXFileReference; lastKnownFileType = sourcecode.swift; path = ViewController.swift; sourceTree = "<group>"; };
		FB980B7C268617300022E3E4 /* Base */ = {isa = PBXFileReference; lastKnownFileType = file.storyboard; name = Base; path = Base.lproj/Main.storyboard; sourceTree = "<group>"; };
		FB980B7F268617300022E3E4 /* Counter.xcdatamodel */ = {isa = PBXFileReference; lastKnownFileType = wrapper.xcdatamodel; path = Counter.xcdatamodel; sourceTree = "<group>"; };
		FB980B81268617310022E3E4 /* Assets.xcassets */ = {isa = PBXFileReference; lastKnownFileType = folder.assetcatalog; path = Assets.xcassets; sourceTree = "<group>"; };
		FB980B84268617310022E3E4 /* Base */ = {isa = PBXFileReference; lastKnownFileType = file.storyboard; name = Base; path = Base.lproj/LaunchScreen.storyboard; sourceTree = "<group>"; };
		FB980B86268617310022E3E4 /* Info.plist */ = {isa = PBXFileReference; lastKnownFileType = text.plist.xml; path = Info.plist; sourceTree = "<group>"; };
		FB980B8B268617310022E3E4 /* CounterTests.xctest */ = {isa = PBXFileReference; explicitFileType = wrapper.cfbundle; includeInIndex = 0; path = CounterTests.xctest; sourceTree = BUILT_PRODUCTS_DIR; };
		FB980B8F268617310022E3E4 /* CounterTests.swift */ = {isa = PBXFileReference; lastKnownFileType = sourcecode.swift; path = CounterTests.swift; sourceTree = "<group>"; };
		FB980B91268617310022E3E4 /* Info.plist */ = {isa = PBXFileReference; lastKnownFileType = text.plist.xml; path = Info.plist; sourceTree = "<group>"; };
		FB980B96268617310022E3E4 /* CounterUITests.xctest */ = {isa = PBXFileReference; explicitFileType = wrapper.cfbundle; includeInIndex = 0; path = CounterUITests.xctest; sourceTree = BUILT_PRODUCTS_DIR; };
		FB980B9A268617310022E3E4 /* CounterUITests.swift */ = {isa = PBXFileReference; lastKnownFileType = sourcecode.swift; path = CounterUITests.swift; sourceTree = "<group>"; };
		FB980B9C268617310022E3E4 /* Info.plist */ = {isa = PBXFileReference; lastKnownFileType = text.plist.xml; path = Info.plist; sourceTree = "<group>"; };
/* End PBXFileReference section */

/* Begin PBXFrameworksBuildPhase section */
		FB980B712686172F0022E3E4 /* Frameworks */ = {
			isa = PBXFrameworksBuildPhase;
			buildActionMask = 2147483647;
			files = (
			);
			runOnlyForDeploymentPostprocessing = 0;
		};
		FB980B88268617310022E3E4 /* Frameworks */ = {
			isa = PBXFrameworksBuildPhase;
			buildActionMask = 2147483647;
			files = (
			);
			runOnlyForDeploymentPostprocessing = 0;
		};
		FB980B93268617310022E3E4 /* Frameworks */ = {
			isa = PBXFrameworksBuildPhase;
			buildActionMask = 2147483647;
			files = (
			);
			runOnlyForDeploymentPostprocessing = 0;
		};
/* End PBXFrameworksBuildPhase section */

/* Begin PBXGroup section */
		FB980B6B2686172F0022E3E4 = {
			isa = PBXGroup;
			children = (
				FB980B76268617300022E3E4 /* Counter */,
				FB980B8E268617310022E3E4 /* CounterTests */,
				FB980B99268617310022E3E4 /* CounterUITests */,
				FB980B75268617300022E3E4 /* Products */,
			);
			sourceTree = "<group>";
		};
		FB980B75268617300022E3E4 /* Products */ = {
			isa = PBXGroup;
			children = (
				FB980B74268617300022E3E4 /* Counter.app */,
				FB980B8B268617310022E3E4 /* CounterTests.xctest */,
				FB980B96268617310022E3E4 /* CounterUITests.xctest */,
			);
			name = Products;
			sourceTree = "<group>";
		};
		FB980B76268617300022E3E4 /* Counter */ = {
			isa = PBXGroup;
			children = (
				FB980B77268617300022E3E4 /* AppDelegate.swift */,
				FB980B79268617300022E3E4 /* ViewController.swift */,
				FB980B7B268617300022E3E4 /* Main.storyboard */,
				FB980B81268617310022E3E4 /* Assets.xcassets */,
				FB980B83268617310022E3E4 /* LaunchScreen.storyboard */,
				FB980B86268617310022E3E4 /* Info.plist */,
				FB980B7E268617300022E3E4 /* Counter.xcdatamodeld */,
			);
			path = Counter;
			sourceTree = "<group>";
		};
		FB980B8E268617310022E3E4 /* CounterTests */ = {
			isa = PBXGroup;
			children = (
				FB980B8F268617310022E3E4 /* CounterTests.swift */,
				FB980B91268617310022E3E4 /* Info.plist */,
			);
			path = CounterTests;
			sourceTree = "<group>";
		};
		FB980B99268617310022E3E4 /* CounterUITests */ = {
			isa = PBXGroup;
			children = (
				FB980B9A268617310022E3E4 /* CounterUITests.swift */,
				FB980B9C268617310022E3E4 /* Info.plist */,
			);
			path = CounterUITests;
			sourceTree = "<group>";
		};
/* End PBXGroup section */

/* Begin PBXNativeTarget section */
		FB980B732686172F0022E3E4 /* Counter */ = {
			isa = PBXNativeTarget;
			buildConfigurationList = FB980B9F268617310022E3E4 /* Build configuration list for PBXNativeTarget "Counter" */;
			buildPhases = (
				FB980B702686172F0022E3E4 /* Sources */,
				FB980B712686172F0022E3E4 /* Frameworks */,
				FB980B722686172F0022E3E4 /* Resources */,
			);
			buildRules = (
			);
			dependencies = (
			);
			name = Counter;
			productName = Counter;
			productReference = FB980B74268617300022E3E4 /* Counter.app */;
			productType = "com.apple.product-type.application";
		};
		FB980B8A268617310022E3E4 /* CounterTests */ = {
			isa = PBXNativeTarget;
			buildConfigurationList = FB980BA2268617310022E3E4 /* Build configuration list for PBXNativeTarget "CounterTests" */;
			buildPhases = (
				FB980B87268617310022E3E4 /* Sources */,
				FB980B88268617310022E3E4 /* Frameworks */,
				FB980B89268617310022E3E4 /* Resources */,
			);
			buildRules = (
			);
			dependencies = (
				FB980B8D268617310022E3E4 /* PBXTargetDependency */,
			);
			name = CounterTests;
			productName = CounterTests;
			productReference = FB980B8B268617310022E3E4 /* CounterTests.xctest */;
			productType = "com.apple.product-type.bundle.unit-test";
		};
		FB980B95268617310022E3E4 /* CounterUITests */ = {
			isa = PBXNativeTarget;
			buildConfigurationList = FB980BA5268617310022E3E4 /* Build configuration list for PBXNativeTarget "CounterUITests" */;
			buildPhases = (
				FB980B92268617310022E3E4 /* Sources */,
				FB980B93268617310022E3E4 /* Frameworks */,
				FB980B94268617310022E3E4 /* Resources */,
			);
			buildRules = (
			);
			dependencies = (
				FB980B98268617310022E3E4 /* PBXTargetDependency */,
			);
			name = CounterUITests;
			productName = CounterUITests;
			productReference = FB980B96268617310022E3E4 /* CounterUITests.xctest */;
			productType = "com.apple.product-type.bundle.ui-testing";
		};
/* End PBXNativeTarget section */

/* Begin PBXProject section */
		FB980B6C2686172F0022E3E4 /* Project object */ = {
			isa = PBXProject;
			attributes = {
				LastSwiftUpdateCheck = 1030;
				LastUpgradeCheck = 1030;
				ORGANIZATIONNAME = "Mahvish Syed";
				TargetAttributes = {
					FB980B732686172F0022E3E4 = {
						CreatedOnToolsVersion = 10.3;
					};
					FB980B8A268617310022E3E4 = {
						CreatedOnToolsVersion = 10.3;
						TestTargetID = FB980B732686172F0022E3E4;
					};
					FB980B95268617310022E3E4 = {
						CreatedOnToolsVersion = 10.3;
						TestTargetID = FB980B732686172F0022E3E4;
					};
				};
			};
			buildConfigurationList = FB980B6F2686172F0022E3E4 /* Build configuration list for PBXProject "Counter" */;
			compatibilityVersion = "Xcode 9.3";
			developmentRegion = en;
			hasScannedForEncodings = 0;
			knownRegions = (
				en,
				Base,
			);
			mainGroup = FB980B6B2686172F0022E3E4;
			productRefGroup = FB980B75268617300022E3E4 /* Products */;
			projectDirPath = "";
			projectRoot = "";
			targets = (
				FB980B732686172F0022E3E4 /* Counter */,
				FB980B8A268617310022E3E4 /* CounterTests */,
				FB980B95268617310022E3E4 /* CounterUITests */,
			);
		};
/* End PBXProject section */

/* Begin PBXResourcesBuildPhase section */
		FB980B722686172F0022E3E4 /* Resources */ = {
			isa = PBXResourcesBuildPhase;
			buildActionMask = 2147483647;
			files = (
				FB980B85268617310022E3E4 /* LaunchScreen.storyboard in Resources */,
				FB980B82268617310022E3E4 /* Assets.xcassets in Resources */,
				FB980B7D268617300022E3E4 /* Main.storyboard in Resources */,
			);
			runOnlyForDeploymentPostprocessing = 0;
		};
		FB980B89268617310022E3E4 /* Resources */ = {
			isa = PBXResourcesBuildPhase;
			buildActionMask = 2147483647;
			files = (
			);
			runOnlyForDeploymentPostprocessing = 0;
		};
		FB980B94268617310022E3E4 /* Resources */ = {
			isa = PBXResourcesBuildPhase;
			buildActionMask = 2147483647;
			files = (
			);
			runOnlyForDeploymentPostprocessing = 0;
		};
/* End PBXResourcesBuildPhase section */

/* Begin PBXSourcesBuildPhase section */
		FB980B702686172F0022E3E4 /* Sources */ = {
			isa = PBXSourcesBuildPhase;
			buildActionMask = 2147483647;
			files = (
				FB980B7A268617300022E3E4 /* ViewController.swift in Sources */,
				FB980B78268617300022E3E4 /* AppDelegate.swift in Sources */,
				FB980B80268617300022E3E4 /* Counter.xcdatamodeld in Sources */,
			);
			runOnlyForDeploymentPostprocessing = 0;
		};
		FB980B87268617310022E3E4 /* Sources */ = {
			isa = PBXSourcesBuildPhase;
			buildActionMask = 2147483647;
			files = (
				FB980B90268617310022E3E4 /* CounterTests.swift in Sources */,
			);
			runOnlyForDeploymentPostprocessing = 0;
		};
		FB980B92268617310022E3E4 /* Sources */ = {
			isa = PBXSourcesBuildPhase;
			buildActionMask = 2147483647;
			files = (
				FB980B9B268617310022E3E4 /* CounterUITests.swift in Sources */,
			);
			runOnlyForDeploymentPostprocessing = 0;
		};
/* End PBXSourcesBuildPhase section */

/* Begin PBXTargetDependency section */
		FB980B8D268617310022E3E4 /* PBXTargetDependency */ = {
			isa = PBXTargetDependency;
			target = FB980B732686172F0022E3E4 /* Counter */;
			targetProxy = FB980B8C268617310022E3E4 /* PBXContainerItemProxy */;
		};
		FB980B98268617310022E3E4 /* PBXTargetDependency */ = {
			isa = PBXTargetDependency;
			target = FB980B732686172F0022E3E4 /* Counter */;
			targetProxy = FB980B97268617310022E3E4 /* PBXContainerItemProxy */;
		};
/* End PBXTargetDependency section */

/* Begin PBXVariantGroup section */
		FB980B7B268617300022E3E4 /* Main.storyboard */ = {
			isa = PBXVariantGroup;
			children = (
				FB980B7C268617300022E3E4 /* Base */,
			);
			name = Main.storyboard;
			sourceTree = "<group>";
		};
		FB980B83268617310022E3E4 /* LaunchScreen.storyboard */ = {
			isa = PBXVariantGroup;
			children = (
				FB980B84268617310022E3E4 /* Base */,
			);
			name = LaunchScreen.storyboard;
			sourceTree = "<group>";
		};
/* End PBXVariantGroup section */

/* Begin XCBuildConfiguration section */
		FB980B9D268617310022E3E4 /* Debug */ = {
			isa = XCBuildConfiguration;
			buildSettings = {
				ALWAYS_SEARCH_USER_PATHS = NO;
				CLANG_ANALYZER_NONNULL = YES;
				CLANG_ANALYZER_NUMBER_OBJECT_CONVERSION = YES_AGGRESSIVE;
				CLANG_CXX_LANGUAGE_STANDARD = "gnu++14";
				CLANG_CXX_LIBRARY = "libc++";
				CLANG_ENABLE_MODULES = YES;
				CLANG_ENABLE_OBJC_ARC = YES;
				CLANG_ENABLE_OBJC_WEAK = YES;
				CLANG_WARN_BLOCK_CAPTURE_AUTORELEASING = YES;
				CLANG_WARN_BOOL_CONVERSION = YES;
				CLANG_WARN_COMMA = YES;
				CLANG_WARN_CONSTANT_CONVERSION = YES;
				CLANG_WARN_DEPRECATED_OBJC_IMPLEMENTATIONS = YES;
				CLANG_WARN_DIRECT_OBJC_ISA_USAGE = YES_ERROR;
				CLANG_WARN_DOCUMENTATION_COMMENTS = YES;
				CLANG_WARN_EMPTY_BODY = YES;
				CLANG_WARN_ENUM_CONVERSION = YES;
				CLANG_WARN_INFINITE_RECURSION = YES;
				CLANG_WARN_INT_CONVERSION = YES;
				CLANG_WARN_NON_LITERAL_NULL_CONVERSION = YES;
				CLANG_WARN_OBJC_IMPLICIT_RETAIN_SELF = YES;
				CLANG_WARN_OBJC_LITERAL_CONVERSION = YES;
				CLANG_WARN_OBJC_ROOT_CLASS = YES_ERROR;
				CLANG_WARN_RANGE_LOOP_ANALYSIS = YES;
				CLANG_WARN_STRICT_PROTOTYPES = YES;
				CLANG_WARN_SUSPICIOUS_MOVE = YES;
				CLANG_WARN_UNGUARDED_AVAILABILITY = YES_AGGRESSIVE;
				CLANG_WARN_UNREACHABLE_CODE = YES;
				CLANG_WARN__DUPLICATE_METHOD_MATCH = YES;
				CODE_SIGN_IDENTITY = "iPhone Developer";
				COPY_PHASE_STRIP = NO;
				DEBUG_INFORMATION_FORMAT = dwarf;
				ENABLE_STRICT_OBJC_MSGSEND = YES;
				ENABLE_TESTABILITY = YES;
				GCC_C_LANGUAGE_STANDARD = gnu11;
				GCC_DYNAMIC_NO_PIC = NO;
				GCC_NO_COMMON_BLOCKS = YES;
				GCC_OPTIMIZATION_LEVEL = 0;
				GCC_PREPROCESSOR_DEFINITIONS = (
					"DEBUG=1",
					"$(inherited)",
				);
				GCC_WARN_64_TO_32_BIT_CONVERSION = YES;
				GCC_WARN_ABOUT_RETURN_TYPE = YES_ERROR;
				GCC_WARN_UNDECLARED_SELECTOR = YES;
				GCC_WARN_UNINITIALIZED_AUTOS = YES_AGGRESSIVE;
				GCC_WARN_UNUSED_FUNCTION = YES;
				GCC_WARN_UNUSED_VARIABLE = YES;
				IPHONEOS_DEPLOYMENT_TARGET = 12.4;
				MTL_ENABLE_DEBUG_INFO = INCLUDE_SOURCE;
				MTL_FAST_MATH = YES;
				ONLY_ACTIVE_ARCH = YES;
				SDKROOT = iphoneos;
				SWIFT_ACTIVE_COMPILATION_CONDITIONS = DEBUG;
				SWIFT_OPTIMIZATION_LEVEL = "-Onone";
			};
			name = Debug;
		};
		FB980B9E268617310022E3E4 /* Release */ = {
			isa = XCBuildConfiguration;
			buildSettings = {
				ALWAYS_SEARCH_USER_PATHS = NO;
				CLANG_ANALYZER_NONNULL = YES;
				CLANG_ANALYZER_NUMBER_OBJECT_CONVERSION = YES_AGGRESSIVE;
				CLANG_CXX_LANGUAGE_STANDARD = "gnu++14";
				CLANG_CXX_LIBRARY = "libc++";
				CLANG_ENABLE_MODULES = YES;
				CLANG_ENABLE_OBJC_ARC = YES;
				CLANG_ENABLE_OBJC_WEAK = YES;
				CLANG_WARN_BLOCK_CAPTURE_AUTORELEASING = YES;
				CLANG_WARN_BOOL_CONVERSION = YES;
				CLANG_WARN_COMMA = YES;
				CLANG_WARN_CONSTANT_CONVERSION = YES;
				CLANG_WARN_DEPRECATED_OBJC_IMPLEMENTATIONS = YES;
				CLANG_WARN_DIRECT_OBJC_ISA_USAGE = YES_ERROR;
				CLANG_WARN_DOCUMENTATION_COMMENTS = YES;
				CLANG_WARN_EMPTY_BODY = YES;
				CLANG_WARN_ENUM_CONVERSION = YES;
				CLANG_WARN_INFINITE_RECURSION = YES;
				CLANG_WARN_INT_CONVERSION = YES;
				CLANG_WARN_NON_LITERAL_NULL_CONVERSION = YES;
				CLANG_WARN_OBJC_IMPLICIT_RETAIN_SELF = YES;
				CLANG_WARN_OBJC_LITERAL_CONVERSION = YES;
				CLANG_WARN_OBJC_ROOT_CLASS = YES_ERROR;
				CLANG_WARN_RANGE_LOOP_ANALYSIS = YES;
				CLANG_WARN_STRICT_PROTOTYPES = YES;
				CLANG_WARN_SUSPICIOUS_MOVE = YES;
				CLANG_WARN_UNGUARDED_AVAILABILITY = YES_AGGRESSIVE;
				CLANG_WARN_UNREACHABLE_CODE = YES;
				CLANG_WARN__DUPLICATE_METHOD_MATCH = YES;
				CODE_SIGN_IDENTITY = "iPhone Developer";
				COPY_PHASE_STRIP = NO;
				DEBUG_INFORMATION_FORMAT = "dwarf-with-dsym";
				ENABLE_NS_ASSERTIONS = NO;
				ENABLE_STRICT_OBJC_MSGSEND = YES;
				GCC_C_LANGUAGE_STANDARD = gnu11;
				GCC_NO_COMMON_BLOCKS = YES;
				GCC_WARN_64_TO_32_BIT_CONVERSION = YES;
				GCC_WARN_ABOUT_RETURN_TYPE = YES_ERROR;
				GCC_WARN_UNDECLARED_SELECTOR = YES;
				GCC_WARN_UNINITIALIZED_AUTOS = YES_AGGRESSIVE;
				GCC_WARN_UNUSED_FUNCTION = YES;
				GCC_WARN_UNUSED_VARIABLE = YES;
				IPHONEOS_DEPLOYMENT_TARGET = 12.4;
				MTL_ENABLE_DEBUG_INFO = NO;
				MTL_FAST_MATH = YES;
				SDKROOT = iphoneos;
				SWIFT_COMPILATION_MODE = wholemodule;
				SWIFT_OPTIMIZATION_LEVEL = "-O";
				VALIDATE_PRODUCT = YES;
			};
			name = Release;
		};
		FB980BA0268617310022E3E4 /* Debug */ = {
			isa = XCBuildConfiguration;
			buildSettings = {
				ASSETCATALOG_COMPILER_APPICON_NAME = AppIcon;
				CODE_SIGN_STYLE = Automatic;
				INFOPLIST_FILE = Counter/Info.plist;
				LD_RUNPATH_SEARCH_PATHS = (
					"$(inherited)",
					"@executable_path/Frameworks",
				);
				PRODUCT_BUNDLE_IDENTIFIER = com.syedmahvish.Counter;
				PRODUCT_NAME = "$(TARGET_NAME)";
				SWIFT_VERSION = 5.0;
				TARGETED_DEVICE_FAMILY = "1,2";
			};
			name = Debug;
		};
		FB980BA1268617310022E3E4 /* Release */ = {
			isa = XCBuildConfiguration;
			buildSettings = {
				ASSETCATALOG_COMPILER_APPICON_NAME = AppIcon;
				CODE_SIGN_STYLE = Automatic;
				INFOPLIST_FILE = Counter/Info.plist;
				LD_RUNPATH_SEARCH_PATHS = (
					"$(inherited)",
					"@executable_path/Frameworks",
				);
				PRODUCT_BUNDLE_IDENTIFIER = com.syedmahvish.Counter;
				PRODUCT_NAME = "$(TARGET_NAME)";
				SWIFT_VERSION = 5.0;
				TARGETED_DEVICE_FAMILY = "1,2";
			};
			name = Release;
		};
		FB980BA3268617310022E3E4 /* Debug */ = {
			isa = XCBuildConfiguration;
			buildSettings = {
				ALWAYS_EMBED_SWIFT_STANDARD_LIBRARIES = YES;
				BUNDLE_LOADER = "$(TEST_HOST)";
				CODE_SIGN_STYLE = Automatic;
				INFOPLIST_FILE = CounterTests/Info.plist;
				LD_RUNPATH_SEARCH_PATHS = (
					"$(inherited)",
					"@executable_path/Frameworks",
					"@loader_path/Frameworks",
				);
				PRODUCT_BUNDLE_IDENTIFIER = com.syedmahvish.CounterTests;
				PRODUCT_NAME = "$(TARGET_NAME)";
				SWIFT_VERSION = 5.0;
				TARGETED_DEVICE_FAMILY = "1,2";
				TEST_HOST = "$(BUILT_PRODUCTS_DIR)/Counter.app/Counter";
			};
			name = Debug;
		};
		FB980BA4268617310022E3E4 /* Release */ = {
			isa = XCBuildConfiguration;
			buildSettings = {
				ALWAYS_EMBED_SWIFT_STANDARD_LIBRARIES = YES;
				BUNDLE_LOADER = "$(TEST_HOST)";
				CODE_SIGN_STYLE = Automatic;
				INFOPLIST_FILE = CounterTests/Info.plist;
				LD_RUNPATH_SEARCH_PATHS = (
					"$(inherited)",
					"@executable_path/Frameworks",
					"@loader_path/Frameworks",
				);
				PRODUCT_BUNDLE_IDENTIFIER = com.syedmahvish.CounterTests;
				PRODUCT_NAME = "$(TARGET_NAME)";
				SWIFT_VERSION = 5.0;
				TARGETED_DEVICE_FAMILY = "1,2";
				TEST_HOST = "$(BUILT_PRODUCTS_DIR)/Counter.app/Counter";
			};
			name = Release;
		};
		FB980BA6268617310022E3E4 /* Debug */ = {
			isa = XCBuildConfiguration;
			buildSettings = {
				ALWAYS_EMBED_SWIFT_STANDARD_LIBRARIES = YES;
				CODE_SIGN_STYLE = Automatic;
				INFOPLIST_FILE = CounterUITests/Info.plist;
				LD_RUNPATH_SEARCH_PATHS = (
					"$(inherited)",
					"@executable_path/Frameworks",
					"@loader_path/Frameworks",
				);
				PRODUCT_BUNDLE_IDENTIFIER = com.syedmahvish.CounterUITests;
				PRODUCT_NAME = "$(TARGET_NAME)";
				SWIFT_VERSION = 5.0;
				TARGETED_DEVICE_FAMILY = "1,2";
				TEST_TARGET_NAME = Counter;
			};
			name = Debug;
		};
		FB980BA7268617310022E3E4 /* Release */ = {
			isa = XCBuildConfiguration;
			buildSettings = {
				ALWAYS_EMBED_SWIFT_STANDARD_LIBRARIES = YES;
				CODE_SIGN_STYLE = Automatic;
				INFOPLIST_FILE = CounterUITests/Info.plist;
				LD_RUNPATH_SEARCH_PATHS = (
					"$(inherited)",
					"@executable_path/Frameworks",
					"@loader_path/Frameworks",
				);
				PRODUCT_BUNDLE_IDENTIFIER = com.syedmahvish.CounterUITests;
				PRODUCT_NAME = "$(TARGET_NAME)";
				SWIFT_VERSION = 5.0;
				TARGETED_DEVICE_FAMILY = "1,2";
				TEST_TARGET_NAME = Counter;
			};
			name = Release;
		};
/* End XCBuildConfiguration section */

/* Begin XCConfigurationList section */
		FB980B6F2686172F0022E3E4 /* Build configuration list for PBXProject "Counter" */ = {
			isa = XCConfigurationList;
			buildConfigurations = (
				FB980B9D268617310022E3E4 /* Debug */,
				FB980B9E268617310022E3E4 /* Release */,
			);
			defaultConfigurationIsVisible = 0;
			defaultConfigurationName = Release;
		};
		FB980B9F268617310022E3E4 /* Build configuration list for PBXNativeTarget "Counter" */ = {
			isa = XCConfigurationList;
			buildConfigurations = (
				FB980BA0268617310022E3E4 /* Debug */,
				FB980BA1268617310022E3E4 /* Release */,
			);
			defaultConfigurationIsVisible = 0;
			defaultConfigurationName = Release;
		};
		FB980BA2268617310022E3E4 /* Build configuration list for PBXNativeTarget "CounterTests" */ = {
			isa = XCConfigurationList;
			buildConfigurations = (
				FB980BA3268617310022E3E4 /* Debug */,
				FB980BA4268617310022E3E4 /* Release */,
			);
			defaultConfigurationIsVisible = 0;
			defaultConfigurationName = Release;
		};
		FB980BA5268617310022E3E4 /* Build configuration list for PBXNativeTarget "CounterUITests" */ = {
			isa = XCConfigurationList;
			buildConfigurations = (
				FB980BA6268617310022E3E4 /* Debug */,
				FB980BA7268617310022E3E4 /* Release */,
			);
			defaultConfigurationIsVisible = 0;
			defaultConfigurationName = Release;
		};
/* End XCConfigurationList section */

/* Begin XCVersionGroup section */
		FB980B7E268617300022E3E4 /* Counter.xcdatamodeld */ = {
			isa = XCVersionGroup;
			children = (
				FB980B7F268617300022E3E4 /* Counter.xcdatamodel */,
			);
			currentVersion = FB980B7F268617300022E3E4 /* Counter.xcdatamodel */;
			path = Counter.xcdatamodeld;
			sourceTree = "<group>";
			versionGroupType = wrapper.xcdatamodel;
		};
/* End XCVersionGroup section */
	};
	rootObject = FB980B6C2686172F0022E3E4 /* Project object */;
}
