// !$*UTF8*$!
{
	archiveVersion = 1;
	classes = {
	};
	objectVersion = 50;
	objects = {

/* Begin PBXBuildFile section */
		FB980C34268635320022E3E4 /* AppDelegate.swift in Sources */ = {isa = PBXBuildFile; fileRef = FB980C33268635320022E3E4 /* AppDelegate.swift */; };
		FB980C36268635320022E3E4 /* ViewController.swift in Sources */ = {isa = PBXBuildFile; fileRef = FB980C35268635320022E3E4 /* ViewController.swift */; };
		FB980C39268635320022E3E4 /* Main.storyboard in Resources */ = {isa = PBXBuildFile; fileRef = FB980C37268635320022E3E4 /* Main.storyboard */; };
		FB980C3C268635320022E3E4 /* Clock.xcdatamodeld in Sources */ = {isa = PBXBuildFile; fileRef = FB980C3A268635320022E3E4 /* Clock.xcdatamodeld */; };
		FB980C3E268635330022E3E4 /* Assets.xcassets in Resources */ = {isa = PBXBuildFile; fileRef = FB980C3D268635330022E3E4 /* Assets.xcassets */; };
		FB980C41268635330022E3E4 /* LaunchScreen.storyboard in Resources */ = {isa = PBXBuildFile; fileRef = FB980C3F268635330022E3E4 /* LaunchScreen.storyboard */; };
		FB980C4C268635330022E3E4 /* ClockTests.swift in Sources */ = {isa = PBXBuildFile; fileRef = FB980C4B268635330022E3E4 /* ClockTests.swift */; };
		FB980C57268635330022E3E4 /* ClockUITests.swift in Sources */ = {isa = PBXBuildFile; fileRef = FB980C56268635330022E3E4 /* ClockUITests.swift */; };
/* End PBXBuildFile section */

/* Begin PBXContainerItemProxy section */
		FB980C48268635330022E3E4 /* PBXContainerItemProxy */ = {
			isa = PBXContainerItemProxy;
			containerPortal = FB980C28268635320022E3E4 /* Project object */;
			proxyType = 1;
			remoteGlobalIDString = FB980C2F268635320022E3E4;
			remoteInfo = Clock;
		};
		FB980C53268635330022E3E4 /* PBXContainerItemProxy */ = {
			isa = PBXContainerItemProxy;
			containerPortal = FB980C28268635320022E3E4 /* Project object */;
			proxyType = 1;
			remoteGlobalIDString = FB980C2F268635320022E3E4;
			remoteInfo = Clock;
		};
/* End PBXContainerItemProxy section */

/* Begin PBXFileReference section */
		FB980C30268635320022E3E4 /* Clock.app */ = {isa = PBXFileReference; explicitFileType = wrapper.application; includeInIndex = 0; path = Clock.app; sourceTree = BUILT_PRODUCTS_DIR; };
		FB980C33268635320022E3E4 /* AppDelegate.swift */ = {isa = PBXFileReference; lastKnownFileType = sourcecode.swift; path = AppDelegate.swift; sourceTree = "<group>"; };
		FB980C35268635320022E3E4 /* ViewController.swift */ = {isa = PBXFileReference; lastKnownFileType = sourcecode.swift; path = ViewController.swift; sourceTree = "<group>"; };
		FB980C38268635320022E3E4 /* Base */ = {isa = PBXFileReference; lastKnownFileType = file.storyboard; name = Base; path = Base.lproj/Main.storyboard; sourceTree = "<group>"; };
		FB980C3B268635320022E3E4 /* Clock.xcdatamodel */ = {isa = PBXFileReference; lastKnownFileType = wrapper.xcdatamodel; path = Clock.xcdatamodel; sourceTree = "<group>"; };
		FB980C3D268635330022E3E4 /* Assets.xcassets */ = {isa = PBXFileReference; lastKnownFileType = folder.assetcatalog; path = Assets.xcassets; sourceTree = "<group>"; };
		FB980C40268635330022E3E4 /* Base */ = {isa = PBXFileReference; lastKnownFileType = file.storyboard; name = Base; path = Base.lproj/LaunchScreen.storyboard; sourceTree = "<group>"; };
		FB980C42268635330022E3E4 /* Info.plist */ = {isa = PBXFileReference; lastKnownFileType = text.plist.xml; path = Info.plist; sourceTree = "<group>"; };
		FB980C47268635330022E3E4 /* ClockTests.xctest */ = {isa = PBXFileReference; explicitFileType = wrapper.cfbundle; includeInIndex = 0; path = ClockTests.xctest; sourceTree = BUILT_PRODUCTS_DIR; };
		FB980C4B268635330022E3E4 /* ClockTests.swift */ = {isa = PBXFileReference; lastKnownFileType = sourcecode.swift; path = ClockTests.swift; sourceTree = "<group>"; };
		FB980C4D268635330022E3E4 /* Info.plist */ = {isa = PBXFileReference; lastKnownFileType = text.plist.xml; path = Info.plist; sourceTree = "<group>"; };
		FB980C52268635330022E3E4 /* ClockUITests.xctest */ = {isa = PBXFileReference; explicitFileType = wrapper.cfbundle; includeInIndex = 0; path = ClockUITests.xctest; sourceTree = BUILT_PRODUCTS_DIR; };
		FB980C56268635330022E3E4 /* ClockUITests.swift */ = {isa = PBXFileReference; lastKnownFileType = sourcecode.swift; path = ClockUITests.swift; sourceTree = "<group>"; };
		FB980C58268635330022E3E4 /* Info.plist */ = {isa = PBXFileReference; lastKnownFileType = text.plist.xml; path = Info.plist; sourceTree = "<group>"; };
/* End PBXFileReference section */

/* Begin PBXFrameworksBuildPhase section */
		FB980C2D268635320022E3E4 /* Frameworks */ = {
			isa = PBXFrameworksBuildPhase;
			buildActionMask = 2147483647;
			files = (
			);
			runOnlyForDeploymentPostprocessing = 0;
		};
		FB980C44268635330022E3E4 /* Frameworks */ = {
			isa = PBXFrameworksBuildPhase;
			buildActionMask = 2147483647;
			files = (
			);
			runOnlyForDeploymentPostprocessing = 0;
		};
		FB980C4F268635330022E3E4 /* Frameworks */ = {
			isa = PBXFrameworksBuildPhase;
			buildActionMask = 2147483647;
			files = (
			);
			runOnlyForDeploymentPostprocessing = 0;
		};
/* End PBXFrameworksBuildPhase section */

/* Begin PBXGroup section */
		FB980C27268635320022E3E4 = {
			isa = PBXGroup;
			children = (
				FB980C32268635320022E3E4 /* Clock */,
				FB980C4A268635330022E3E4 /* ClockTests */,
				FB980C55268635330022E3E4 /* ClockUITests */,
				FB980C31268635320022E3E4 /* Products */,
			);
			sourceTree = "<group>";
		};
		FB980C31268635320022E3E4 /* Products */ = {
			isa = PBXGroup;
			children = (
				FB980C30268635320022E3E4 /* Clock.app */,
				FB980C47268635330022E3E4 /* ClockTests.xctest */,
				FB980C52268635330022E3E4 /* ClockUITests.xctest */,
			);
			name = Products;
			sourceTree = "<group>";
		};
		FB980C32268635320022E3E4 /* Clock */ = {
			isa = PBXGroup;
			children = (
				FB980C33268635320022E3E4 /* AppDelegate.swift */,
				FB980C35268635320022E3E4 /* ViewController.swift */,
				FB980C37268635320022E3E4 /* Main.storyboard */,
				FB980C3D268635330022E3E4 /* Assets.xcassets */,
				FB980C3F268635330022E3E4 /* LaunchScreen.storyboard */,
				FB980C42268635330022E3E4 /* Info.plist */,
				FB980C3A268635320022E3E4 /* Clock.xcdatamodeld */,
			);
			path = Clock;
			sourceTree = "<group>";
		};
		FB980C4A268635330022E3E4 /* ClockTests */ = {
			isa = PBXGroup;
			children = (
				FB980C4B268635330022E3E4 /* ClockTests.swift */,
				FB980C4D268635330022E3E4 /* Info.plist */,
			);
			path = ClockTests;
			sourceTree = "<group>";
		};
		FB980C55268635330022E3E4 /* ClockUITests */ = {
			isa = PBXGroup;
			children = (
				FB980C56268635330022E3E4 /* ClockUITests.swift */,
				FB980C58268635330022E3E4 /* Info.plist */,
			);
			path = ClockUITests;
			sourceTree = "<group>";
		};
/* End PBXGroup section */

/* Begin PBXNativeTarget section */
		FB980C2F268635320022E3E4 /* Clock */ = {
			isa = PBXNativeTarget;
			buildConfigurationList = FB980C5B268635330022E3E4 /* Build configuration list for PBXNativeTarget "Clock" */;
			buildPhases = (
				FB980C2C268635320022E3E4 /* Sources */,
				FB980C2D268635320022E3E4 /* Frameworks */,
				FB980C2E268635320022E3E4 /* Resources */,
			);
			buildRules = (
			);
			dependencies = (
			);
			name = Clock;
			productName = Clock;
			productReference = FB980C30268635320022E3E4 /* Clock.app */;
			productType = "com.apple.product-type.application";
		};
		FB980C46268635330022E3E4 /* ClockTests */ = {
			isa = PBXNativeTarget;
			buildConfigurationList = FB980C5E268635330022E3E4 /* Build configuration list for PBXNativeTarget "ClockTests" */;
			buildPhases = (
				FB980C43268635330022E3E4 /* Sources */,
				FB980C44268635330022E3E4 /* Frameworks */,
				FB980C45268635330022E3E4 /* Resources */,
			);
			buildRules = (
			);
			dependencies = (
				FB980C49268635330022E3E4 /* PBXTargetDependency */,
			);
			name = ClockTests;
			productName = ClockTests;
			productReference = FB980C47268635330022E3E4 /* ClockTests.xctest */;
			productType = "com.apple.product-type.bundle.unit-test";
		};
		FB980C51268635330022E3E4 /* ClockUITests */ = {
			isa = PBXNativeTarget;
			buildConfigurationList = FB980C61268635330022E3E4 /* Build configuration list for PBXNativeTarget "ClockUITests" */;
			buildPhases = (
				FB980C4E268635330022E3E4 /* Sources */,
				FB980C4F268635330022E3E4 /* Frameworks */,
				FB980C50268635330022E3E4 /* Resources */,
			);
			buildRules = (
			);
			dependencies = (
				FB980C54268635330022E3E4 /* PBXTargetDependency */,
			);
			name = ClockUITests;
			productName = ClockUITests;
			productReference = FB980C52268635330022E3E4 /* ClockUITests.xctest */;
			productType = "com.apple.product-type.bundle.ui-testing";
		};
/* End PBXNativeTarget section */

/* Begin PBXProject section */
		FB980C28268635320022E3E4 /* Project object */ = {
			isa = PBXProject;
			attributes = {
				LastSwiftUpdateCheck = 1030;
				LastUpgradeCheck = 1030;
				ORGANIZATIONNAME = "Mahvish Syed";
				TargetAttributes = {
					FB980C2F268635320022E3E4 = {
						CreatedOnToolsVersion = 10.3;
					};
					FB980C46268635330022E3E4 = {
						CreatedOnToolsVersion = 10.3;
						TestTargetID = FB980C2F268635320022E3E4;
					};
					FB980C51268635330022E3E4 = {
						CreatedOnToolsVersion = 10.3;
						TestTargetID = FB980C2F268635320022E3E4;
					};
				};
			};
			buildConfigurationList = FB980C2B268635320022E3E4 /* Build configuration list for PBXProject "Clock" */;
			compatibilityVersion = "Xcode 9.3";
			developmentRegion = en;
			hasScannedForEncodings = 0;
			knownRegions = (
				en,
				Base,
			);
			mainGroup = FB980C27268635320022E3E4;
			productRefGroup = FB980C31268635320022E3E4 /* Products */;
			projectDirPath = "";
			projectRoot = "";
			targets = (
				FB980C2F268635320022E3E4 /* Clock */,
				FB980C46268635330022E3E4 /* ClockTests */,
				FB980C51268635330022E3E4 /* ClockUITests */,
			);
		};
/* End PBXProject section */

/* Begin PBXResourcesBuildPhase section */
		FB980C2E268635320022E3E4 /* Resources */ = {
			isa = PBXResourcesBuildPhase;
			buildActionMask = 2147483647;
			files = (
				FB980C41268635330022E3E4 /* LaunchScreen.storyboard in Resources */,
				FB980C3E268635330022E3E4 /* Assets.xcassets in Resources */,
				FB980C39268635320022E3E4 /* Main.storyboard in Resources */,
			);
			runOnlyForDeploymentPostprocessing = 0;
		};
		FB980C45268635330022E3E4 /* Resources */ = {
			isa = PBXResourcesBuildPhase;
			buildActionMask = 2147483647;
			files = (
			);
			runOnlyForDeploymentPostprocessing = 0;
		};
		FB980C50268635330022E3E4 /* Resources */ = {
			isa = PBXResourcesBuildPhase;
			buildActionMask = 2147483647;
			files = (
			);
			runOnlyForDeploymentPostprocessing = 0;
		};
/* End PBXResourcesBuildPhase section */

/* Begin PBXSourcesBuildPhase section */
		FB980C2C268635320022E3E4 /* Sources */ = {
			isa = PBXSourcesBuildPhase;
			buildActionMask = 2147483647;
			files = (
				FB980C36268635320022E3E4 /* ViewController.swift in Sources */,
				FB980C3C268635320022E3E4 /* Clock.xcdatamodeld in Sources */,
				FB980C34268635320022E3E4 /* AppDelegate.swift in Sources */,
			);
			runOnlyForDeploymentPostprocessing = 0;
		};
		FB980C43268635330022E3E4 /* Sources */ = {
			isa = PBXSourcesBuildPhase;
			buildActionMask = 2147483647;
			files = (
				FB980C4C268635330022E3E4 /* ClockTests.swift in Sources */,
			);
			runOnlyForDeploymentPostprocessing = 0;
		};
		FB980C4E268635330022E3E4 /* Sources */ = {
			isa = PBXSourcesBuildPhase;
			buildActionMask = 2147483647;
			files = (
				FB980C57268635330022E3E4 /* ClockUITests.swift in Sources */,
			);
			runOnlyForDeploymentPostprocessing = 0;
		};
/* End PBXSourcesBuildPhase section */

/* Begin PBXTargetDependency section */
		FB980C49268635330022E3E4 /* PBXTargetDependency */ = {
			isa = PBXTargetDependency;
			target = FB980C2F268635320022E3E4 /* Clock */;
			targetProxy = FB980C48268635330022E3E4 /* PBXContainerItemProxy */;
		};
		FB980C54268635330022E3E4 /* PBXTargetDependency */ = {
			isa = PBXTargetDependency;
			target = FB980C2F268635320022E3E4 /* Clock */;
			targetProxy = FB980C53268635330022E3E4 /* PBXContainerItemProxy */;
		};
/* End PBXTargetDependency section */

/* Begin PBXVariantGroup section */
		FB980C37268635320022E3E4 /* Main.storyboard */ = {
			isa = PBXVariantGroup;
			children = (
				FB980C38268635320022E3E4 /* Base */,
			);
			name = Main.storyboard;
			sourceTree = "<group>";
		};
		FB980C3F268635330022E3E4 /* LaunchScreen.storyboard */ = {
			isa = PBXVariantGroup;
			children = (
				FB980C40268635330022E3E4 /* Base */,
			);
			name = LaunchScreen.storyboard;
			sourceTree = "<group>";
		};
/* End PBXVariantGroup section */

/* Begin XCBuildConfiguration section */
		FB980C59268635330022E3E4 /* Debug */ = {
			isa = XCBuildConfiguration;
			buildSettings = {
				ALWAYS_SEARCH_USER_PATHS = NO;
				CLANG_ANALYZER_NONNULL = YES;
				CLANG_ANALYZER_NUMBER_OBJECT_CONVERSION = YES_AGGRESSIVE;
				CLANG_CXX_LANGUAGE_STANDARD = "gnu++14";
				CLANG_CXX_LIBRARY = "libc++";
				CLANG_ENABLE_MODULES = YES;
				CLANG_ENABLE_OBJC_ARC = YES;
				CLANG_ENABLE_OBJC_WEAK = YES;
				CLANG_WARN_BLOCK_CAPTURE_AUTORELEASING = YES;
				CLANG_WARN_BOOL_CONVERSION = YES;
				CLANG_WARN_COMMA = YES;
				CLANG_WARN_CONSTANT_CONVERSION = YES;
				CLANG_WARN_DEPRECATED_OBJC_IMPLEMENTATIONS = YES;
				CLANG_WARN_DIRECT_OBJC_ISA_USAGE = YES_ERROR;
				CLANG_WARN_DOCUMENTATION_COMMENTS = YES;
				CLANG_WARN_EMPTY_BODY = YES;
				CLANG_WARN_ENUM_CONVERSION = YES;
				CLANG_WARN_INFINITE_RECURSION = YES;
				CLANG_WARN_INT_CONVERSION = YES;
				CLANG_WARN_NON_LITERAL_NULL_CONVERSION = YES;
				CLANG_WARN_OBJC_IMPLICIT_RETAIN_SELF = YES;
				CLANG_WARN_OBJC_LITERAL_CONVERSION = YES;
				CLANG_WARN_OBJC_ROOT_CLASS = YES_ERROR;
				CLANG_WARN_RANGE_LOOP_ANALYSIS = YES;
				CLANG_WARN_STRICT_PROTOTYPES = YES;
				CLANG_WARN_SUSPICIOUS_MOVE = YES;
				CLANG_WARN_UNGUARDED_AVAILABILITY = YES_AGGRESSIVE;
				CLANG_WARN_UNREACHABLE_CODE = YES;
				CLANG_WARN__DUPLICATE_METHOD_MATCH = YES;
				CODE_SIGN_IDENTITY = "iPhone Developer";
				COPY_PHASE_STRIP = NO;
				DEBUG_INFORMATION_FORMAT = dwarf;
				ENABLE_STRICT_OBJC_MSGSEND = YES;
				ENABLE_TESTABILITY = YES;
				GCC_C_LANGUAGE_STANDARD = gnu11;
				GCC_DYNAMIC_NO_PIC = NO;
				GCC_NO_COMMON_BLOCKS = YES;
				GCC_OPTIMIZATION_LEVEL = 0;
				GCC_PREPROCESSOR_DEFINITIONS = (
					"DEBUG=1",
					"$(inherited)",
				);
				GCC_WARN_64_TO_32_BIT_CONVERSION = YES;
				GCC_WARN_ABOUT_RETURN_TYPE = YES_ERROR;
				GCC_WARN_UNDECLARED_SELECTOR = YES;
				GCC_WARN_UNINITIALIZED_AUTOS = YES_AGGRESSIVE;
				GCC_WARN_UNUSED_FUNCTION = YES;
				GCC_WARN_UNUSED_VARIABLE = YES;
				IPHONEOS_DEPLOYMENT_TARGET = 12.4;
				MTL_ENABLE_DEBUG_INFO = INCLUDE_SOURCE;
				MTL_FAST_MATH = YES;
				ONLY_ACTIVE_ARCH = YES;
				SDKROOT = iphoneos;
				SWIFT_ACTIVE_COMPILATION_CONDITIONS = DEBUG;
				SWIFT_OPTIMIZATION_LEVEL = "-Onone";
			};
			name = Debug;
		};
		FB980C5A268635330022E3E4 /* Release */ = {
			isa = XCBuildConfiguration;
			buildSettings = {
				ALWAYS_SEARCH_USER_PATHS = NO;
				CLANG_ANALYZER_NONNULL = YES;
				CLANG_ANALYZER_NUMBER_OBJECT_CONVERSION = YES_AGGRESSIVE;
				CLANG_CXX_LANGUAGE_STANDARD = "gnu++14";
				CLANG_CXX_LIBRARY = "libc++";
				CLANG_ENABLE_MODULES = YES;
				CLANG_ENABLE_OBJC_ARC = YES;
				CLANG_ENABLE_OBJC_WEAK = YES;
				CLANG_WARN_BLOCK_CAPTURE_AUTORELEASING = YES;
				CLANG_WARN_BOOL_CONVERSION = YES;
				CLANG_WARN_COMMA = YES;
				CLANG_WARN_CONSTANT_CONVERSION = YES;
				CLANG_WARN_DEPRECATED_OBJC_IMPLEMENTATIONS = YES;
				CLANG_WARN_DIRECT_OBJC_ISA_USAGE = YES_ERROR;
				CLANG_WARN_DOCUMENTATION_COMMENTS = YES;
				CLANG_WARN_EMPTY_BODY = YES;
				CLANG_WARN_ENUM_CONVERSION = YES;
				CLANG_WARN_INFINITE_RECURSION = YES;
				CLANG_WARN_INT_CONVERSION = YES;
				CLANG_WARN_NON_LITERAL_NULL_CONVERSION = YES;
				CLANG_WARN_OBJC_IMPLICIT_RETAIN_SELF = YES;
				CLANG_WARN_OBJC_LITERAL_CONVERSION = YES;
				CLANG_WARN_OBJC_ROOT_CLASS = YES_ERROR;
				CLANG_WARN_RANGE_LOOP_ANALYSIS = YES;
				CLANG_WARN_STRICT_PROTOTYPES = YES;
				CLANG_WARN_SUSPICIOUS_MOVE = YES;
				CLANG_WARN_UNGUARDED_AVAILABILITY = YES_AGGRESSIVE;
				CLANG_WARN_UNREACHABLE_CODE = YES;
				CLANG_WARN__DUPLICATE_METHOD_MATCH = YES;
				CODE_SIGN_IDENTITY = "iPhone Developer";
				COPY_PHASE_STRIP = NO;
				DEBUG_INFORMATION_FORMAT = "dwarf-with-dsym";
				ENABLE_NS_ASSERTIONS = NO;
				ENABLE_STRICT_OBJC_MSGSEND = YES;
				GCC_C_LANGUAGE_STANDARD = gnu11;
				GCC_NO_COMMON_BLOCKS = YES;
				GCC_WARN_64_TO_32_BIT_CONVERSION = YES;
				GCC_WARN_ABOUT_RETURN_TYPE = YES_ERROR;
				GCC_WARN_UNDECLARED_SELECTOR = YES;
				GCC_WARN_UNINITIALIZED_AUTOS = YES_AGGRESSIVE;
				GCC_WARN_UNUSED_FUNCTION = YES;
				GCC_WARN_UNUSED_VARIABLE = YES;
				IPHONEOS_DEPLOYMENT_TARGET = 12.4;
				MTL_ENABLE_DEBUG_INFO = NO;
				MTL_FAST_MATH = YES;
				SDKROOT = iphoneos;
				SWIFT_COMPILATION_MODE = wholemodule;
				SWIFT_OPTIMIZATION_LEVEL = "-O";
				VALIDATE_PRODUCT = YES;
			};
			name = Release;
		};
		FB980C5C268635330022E3E4 /* Debug */ = {
			isa = XCBuildConfiguration;
			buildSettings = {
				ASSETCATALOG_COMPILER_APPICON_NAME = AppIcon;
				CODE_SIGN_STYLE = Automatic;
				INFOPLIST_FILE = Clock/Info.plist;
				LD_RUNPATH_SEARCH_PATHS = (
					"$(inherited)",
					"@executable_path/Frameworks",
				);
				PRODUCT_BUNDLE_IDENTIFIER = com.syedmahvish.Clock;
				PRODUCT_NAME = "$(TARGET_NAME)";
				SWIFT_VERSION = 5.0;
				TARGETED_DEVICE_FAMILY = "1,2";
			};
			name = Debug;
		};
		FB980C5D268635330022E3E4 /* Release */ = {
			isa = XCBuildConfiguration;
			buildSettings = {
				ASSETCATALOG_COMPILER_APPICON_NAME = AppIcon;
				CODE_SIGN_STYLE = Automatic;
				INFOPLIST_FILE = Clock/Info.plist;
				LD_RUNPATH_SEARCH_PATHS = (
					"$(inherited)",
					"@executable_path/Frameworks",
				);
				PRODUCT_BUNDLE_IDENTIFIER = com.syedmahvish.Clock;
				PRODUCT_NAME = "$(TARGET_NAME)";
				SWIFT_VERSION = 5.0;
				TARGETED_DEVICE_FAMILY = "1,2";
			};
			name = Release;
		};
		FB980C5F268635330022E3E4 /* Debug */ = {
			isa = XCBuildConfiguration;
			buildSettings = {
				ALWAYS_EMBED_SWIFT_STANDARD_LIBRARIES = YES;
				BUNDLE_LOADER = "$(TEST_HOST)";
				CODE_SIGN_STYLE = Automatic;
				INFOPLIST_FILE = ClockTests/Info.plist;
				LD_RUNPATH_SEARCH_PATHS = (
					"$(inherited)",
					"@executable_path/Frameworks",
					"@loader_path/Frameworks",
				);
				PRODUCT_BUNDLE_IDENTIFIER = com.syedmahvish.ClockTests;
				PRODUCT_NAME = "$(TARGET_NAME)";
				SWIFT_VERSION = 5.0;
				TARGETED_DEVICE_FAMILY = "1,2";
				TEST_HOST = "$(BUILT_PRODUCTS_DIR)/Clock.app/Clock";
			};
			name = Debug;
		};
		FB980C60268635330022E3E4 /* Release */ = {
			isa = XCBuildConfiguration;
			buildSettings = {
				ALWAYS_EMBED_SWIFT_STANDARD_LIBRARIES = YES;
				BUNDLE_LOADER = "$(TEST_HOST)";
				CODE_SIGN_STYLE = Automatic;
				INFOPLIST_FILE = ClockTests/Info.plist;
				LD_RUNPATH_SEARCH_PATHS = (
					"$(inherited)",
					"@executable_path/Frameworks",
					"@loader_path/Frameworks",
				);
				PRODUCT_BUNDLE_IDENTIFIER = com.syedmahvish.ClockTests;
				PRODUCT_NAME = "$(TARGET_NAME)";
				SWIFT_VERSION = 5.0;
				TARGETED_DEVICE_FAMILY = "1,2";
				TEST_HOST = "$(BUILT_PRODUCTS_DIR)/Clock.app/Clock";
			};
			name = Release;
		};
		FB980C62268635330022E3E4 /* Debug */ = {
			isa = XCBuildConfiguration;
			buildSettings = {
				ALWAYS_EMBED_SWIFT_STANDARD_LIBRARIES = YES;
				CODE_SIGN_STYLE = Automatic;
				INFOPLIST_FILE = ClockUITests/Info.plist;
				LD_RUNPATH_SEARCH_PATHS = (
					"$(inherited)",
					"@executable_path/Frameworks",
					"@loader_path/Frameworks",
				);
				PRODUCT_BUNDLE_IDENTIFIER = com.syedmahvish.ClockUITests;
				PRODUCT_NAME = "$(TARGET_NAME)";
				SWIFT_VERSION = 5.0;
				TARGETED_DEVICE_FAMILY = "1,2";
				TEST_TARGET_NAME = Clock;
			};
			name = Debug;
		};
		FB980C63268635330022E3E4 /* Release */ = {
			isa = XCBuildConfiguration;
			buildSettings = {
				ALWAYS_EMBED_SWIFT_STANDARD_LIBRARIES = YES;
				CODE_SIGN_STYLE = Automatic;
				INFOPLIST_FILE = ClockUITests/Info.plist;
				LD_RUNPATH_SEARCH_PATHS = (
					"$(inherited)",
					"@executable_path/Frameworks",
					"@loader_path/Frameworks",
				);
				PRODUCT_BUNDLE_IDENTIFIER = com.syedmahvish.ClockUITests;
				PRODUCT_NAME = "$(TARGET_NAME)";
				SWIFT_VERSION = 5.0;
				TARGETED_DEVICE_FAMILY = "1,2";
				TEST_TARGET_NAME = Clock;
			};
			name = Release;
		};
/* End XCBuildConfiguration section */

/* Begin XCConfigurationList section */
		FB980C2B268635320022E3E4 /* Build configuration list for PBXProject "Clock" */ = {
			isa = XCConfigurationList;
			buildConfigurations = (
				FB980C59268635330022E3E4 /* Debug */,
				FB980C5A268635330022E3E4 /* Release */,
			);
			defaultConfigurationIsVisible = 0;
			defaultConfigurationName = Release;
		};
		FB980C5B268635330022E3E4 /* Build configuration list for PBXNativeTarget "Clock" */ = {
			isa = XCConfigurationList;
			buildConfigurations = (
				FB980C5C268635330022E3E4 /* Debug */,
				FB980C5D268635330022E3E4 /* Release */,
			);
			defaultConfigurationIsVisible = 0;
			defaultConfigurationName = Release;
		};
		FB980C5E268635330022E3E4 /* Build configuration list for PBXNativeTarget "ClockTests" */ = {
			isa = XCConfigurationList;
			buildConfigurations = (
				FB980C5F268635330022E3E4 /* Debug */,
				FB980C60268635330022E3E4 /* Release */,
			);
			defaultConfigurationIsVisible = 0;
			defaultConfigurationName = Release;
		};
		FB980C61268635330022E3E4 /* Build configuration list for PBXNativeTarget "ClockUITests" */ = {
			isa = XCConfigurationList;
			buildConfigurations = (
				FB980C62268635330022E3E4 /* Debug */,
				FB980C63268635330022E3E4 /* Release */,
			);
			defaultConfigurationIsVisible = 0;
			defaultConfigurationName = Release;
		};
/* End XCConfigurationList section */

/* Begin XCVersionGroup section */
		FB980C3A268635320022E3E4 /* Clock.xcdatamodeld */ = {
			isa = XCVersionGroup;
			children = (
				FB980C3B268635320022E3E4 /* Clock.xcdatamodel */,
			);
			currentVersion = FB980C3B268635320022E3E4 /* Clock.xcdatamodel */;
			path = Clock.xcdatamodeld;
			sourceTree = "<group>";
			versionGroupType = wrapper.xcdatamodel;
		};
/* End XCVersionGroup section */
	};
	rootObject = FB980C28268635320022E3E4 /* Project object */;
}
