// !$*UTF8*$!
{
	archiveVersion = 1;
	classes = {
	};
	objectVersion = 50;
	objects = {

/* Begin PBXBuildFile section */
		FB980BB526862AFC0022E3E4 /* AppDelegate.swift in Sources */ = {isa = PBXBuildFile; fileRef = FB980BB426862AFC0022E3E4 /* AppDelegate.swift */; };
		FB980BB726862AFC0022E3E4 /* ViewController.swift in Sources */ = {isa = PBXBuildFile; fileRef = FB980BB626862AFC0022E3E4 /* ViewController.swift */; };
		FB980BBA26862AFC0022E3E4 /* Main.storyboard in Resources */ = {isa = PBXBuildFile; fileRef = FB980BB826862AFC0022E3E4 /* Main.storyboard */; };
		FB980BBD26862AFC0022E3E4 /* GestureCounter.xcdatamodeld in Sources */ = {isa = PBXBuildFile; fileRef = FB980BBB26862AFC0022E3E4 /* GestureCounter.xcdatamodeld */; };
		FB980BBF26862AFC0022E3E4 /* Assets.xcassets in Resources */ = {isa = PBXBuildFile; fileRef = FB980BBE26862AFC0022E3E4 /* Assets.xcassets */; };
		FB980BC226862AFC0022E3E4 /* LaunchScreen.storyboard in Resources */ = {isa = PBXBuildFile; fileRef = FB980BC026862AFC0022E3E4 /* LaunchScreen.storyboard */; };
		FB980BCD26862AFD0022E3E4 /* GestureCounterTests.swift in Sources */ = {isa = PBXBuildFile; fileRef = FB980BCC26862AFD0022E3E4 /* GestureCounterTests.swift */; };
		FB980BD826862AFD0022E3E4 /* GestureCounterUITests.swift in Sources */ = {isa = PBXBuildFile; fileRef = FB980BD726862AFD0022E3E4 /* GestureCounterUITests.swift */; };
/* End PBXBuildFile section */

/* Begin PBXContainerItemProxy section */
		FB980BC926862AFC0022E3E4 /* PBXContainerItemProxy */ = {
			isa = PBXContainerItemProxy;
			containerPortal = FB980BA926862AFC0022E3E4 /* Project object */;
			proxyType = 1;
			remoteGlobalIDString = FB980BB026862AFC0022E3E4;
			remoteInfo = GestureCounter;
		};
		FB980BD426862AFD0022E3E4 /* PBXContainerItemProxy */ = {
			isa = PBXContainerItemProxy;
			containerPortal = FB980BA926862AFC0022E3E4 /* Project object */;
			proxyType = 1;
			remoteGlobalIDString = FB980BB026862AFC0022E3E4;
			remoteInfo = GestureCounter;
		};
/* End PBXContainerItemProxy section */

/* Begin PBXFileReference section */
		FB980BB126862AFC0022E3E4 /* GestureCounter.app */ = {isa = PBXFileReference; explicitFileType = wrapper.application; includeInIndex = 0; path = GestureCounter.app; sourceTree = BUILT_PRODUCTS_DIR; };
		FB980BB426862AFC0022E3E4 /* AppDelegate.swift */ = {isa = PBXFileReference; lastKnownFileType = sourcecode.swift; path = AppDelegate.swift; sourceTree = "<group>"; };
		FB980BB626862AFC0022E3E4 /* ViewController.swift */ = {isa = PBXFileReference; lastKnownFileType = sourcecode.swift; path = ViewController.swift; sourceTree = "<group>"; };
		FB980BB926862AFC0022E3E4 /* Base */ = {isa = PBXFileReference; lastKnownFileType = file.storyboard; name = Base; path = Base.lproj/Main.storyboard; sourceTree = "<group>"; };
		FB980BBC26862AFC0022E3E4 /* GestureCounter.xcdatamodel */ = {isa = PBXFileReference; lastKnownFileType = wrapper.xcdatamodel; path = GestureCounter.xcdatamodel; sourceTree = "<group>"; };
		FB980BBE26862AFC0022E3E4 /* Assets.xcassets */ = {isa = PBXFileReference; lastKnownFileType = folder.assetcatalog; path = Assets.xcassets; sourceTree = "<group>"; };
		FB980BC126862AFC0022E3E4 /* Base */ = {isa = PBXFileReference; lastKnownFileType = file.storyboard; name = Base; path = Base.lproj/LaunchScreen.storyboard; sourceTree = "<group>"; };
		FB980BC326862AFC0022E3E4 /* Info.plist */ = {isa = PBXFileReference; lastKnownFileType = text.plist.xml; path = Info.plist; sourceTree = "<group>"; };
		FB980BC826862AFC0022E3E4 /* GestureCounterTests.xctest */ = {isa = PBXFileReference; explicitFileType = wrapper.cfbundle; includeInIndex = 0; path = GestureCounterTests.xctest; sourceTree = BUILT_PRODUCTS_DIR; };
		FB980BCC26862AFD0022E3E4 /* GestureCounterTests.swift */ = {isa = PBXFileReference; lastKnownFileType = sourcecode.swift; path = GestureCounterTests.swift; sourceTree = "<group>"; };
		FB980BCE26862AFD0022E3E4 /* Info.plist */ = {isa = PBXFileReference; lastKnownFileType = text.plist.xml; path = Info.plist; sourceTree = "<group>"; };
		FB980BD326862AFD0022E3E4 /* GestureCounterUITests.xctest */ = {isa = PBXFileReference; explicitFileType = wrapper.cfbundle; includeInIndex = 0; path = GestureCounterUITests.xctest; sourceTree = BUILT_PRODUCTS_DIR; };
		FB980BD726862AFD0022E3E4 /* GestureCounterUITests.swift */ = {isa = PBXFileReference; lastKnownFileType = sourcecode.swift; path = GestureCounterUITests.swift; sourceTree = "<group>"; };
		FB980BD926862AFD0022E3E4 /* Info.plist */ = {isa = PBXFileReference; lastKnownFileType = text.plist.xml; path = Info.plist; sourceTree = "<group>"; };
/* End PBXFileReference section */

/* Begin PBXFrameworksBuildPhase section */
		FB980BAE26862AFC0022E3E4 /* Frameworks */ = {
			isa = PBXFrameworksBuildPhase;
			buildActionMask = 2147483647;
			files = (
			);
			runOnlyForDeploymentPostprocessing = 0;
		};
		FB980BC526862AFC0022E3E4 /* Frameworks */ = {
			isa = PBXFrameworksBuildPhase;
			buildActionMask = 2147483647;
			files = (
			);
			runOnlyForDeploymentPostprocessing = 0;
		};
		FB980BD026862AFD0022E3E4 /* Frameworks */ = {
			isa = PBXFrameworksBuildPhase;
			buildActionMask = 2147483647;
			files = (
			);
			runOnlyForDeploymentPostprocessing = 0;
		};
/* End PBXFrameworksBuildPhase section */

/* Begin PBXGroup section */
		FB980BA826862AFC0022E3E4 = {
			isa = PBXGroup;
			children = (
				FB980BB326862AFC0022E3E4 /* GestureCounter */,
				FB980BCB26862AFD0022E3E4 /* GestureCounterTests */,
				FB980BD626862AFD0022E3E4 /* GestureCounterUITests */,
				FB980BB226862AFC0022E3E4 /* Products */,
			);
			sourceTree = "<group>";
		};
		FB980BB226862AFC0022E3E4 /* Products */ = {
			isa = PBXGroup;
			children = (
				FB980BB126862AFC0022E3E4 /* GestureCounter.app */,
				FB980BC826862AFC0022E3E4 /* GestureCounterTests.xctest */,
				FB980BD326862AFD0022E3E4 /* GestureCounterUITests.xctest */,
			);
			name = Products;
			sourceTree = "<group>";
		};
		FB980BB326862AFC0022E3E4 /* GestureCounter */ = {
			isa = PBXGroup;
			children = (
				FB980BB426862AFC0022E3E4 /* AppDelegate.swift */,
				FB980BB626862AFC0022E3E4 /* ViewController.swift */,
				FB980BB826862AFC0022E3E4 /* Main.storyboard */,
				FB980BBE26862AFC0022E3E4 /* Assets.xcassets */,
				FB980BC026862AFC0022E3E4 /* LaunchScreen.storyboard */,
				FB980BC326862AFC0022E3E4 /* Info.plist */,
				FB980BBB26862AFC0022E3E4 /* GestureCounter.xcdatamodeld */,
			);
			path = GestureCounter;
			sourceTree = "<group>";
		};
		FB980BCB26862AFD0022E3E4 /* GestureCounterTests */ = {
			isa = PBXGroup;
			children = (
				FB980BCC26862AFD0022E3E4 /* GestureCounterTests.swift */,
				FB980BCE26862AFD0022E3E4 /* Info.plist */,
			);
			path = GestureCounterTests;
			sourceTree = "<group>";
		};
		FB980BD626862AFD0022E3E4 /* GestureCounterUITests */ = {
			isa = PBXGroup;
			children = (
				FB980BD726862AFD0022E3E4 /* GestureCounterUITests.swift */,
				FB980BD926862AFD0022E3E4 /* Info.plist */,
			);
			path = GestureCounterUITests;
			sourceTree = "<group>";
		};
/* End PBXGroup section */

/* Begin PBXNativeTarget section */
		FB980BB026862AFC0022E3E4 /* GestureCounter */ = {
			isa = PBXNativeTarget;
			buildConfigurationList = FB980BDC26862AFD0022E3E4 /* Build configuration list for PBXNativeTarget "GestureCounter" */;
			buildPhases = (
				FB980BAD26862AFC0022E3E4 /* Sources */,
				FB980BAE26862AFC0022E3E4 /* Frameworks */,
				FB980BAF26862AFC0022E3E4 /* Resources */,
			);
			buildRules = (
			);
			dependencies = (
			);
			name = GestureCounter;
			productName = GestureCounter;
			productReference = FB980BB126862AFC0022E3E4 /* GestureCounter.app */;
			productType = "com.apple.product-type.application";
		};
		FB980BC726862AFC0022E3E4 /* GestureCounterTests */ = {
			isa = PBXNativeTarget;
			buildConfigurationList = FB980BDF26862AFD0022E3E4 /* Build configuration list for PBXNativeTarget "GestureCounterTests" */;
			buildPhases = (
				FB980BC426862AFC0022E3E4 /* Sources */,
				FB980BC526862AFC0022E3E4 /* Frameworks */,
				FB980BC626862AFC0022E3E4 /* Resources */,
			);
			buildRules = (
			);
			dependencies = (
				FB980BCA26862AFC0022E3E4 /* PBXTargetDependency */,
			);
			name = GestureCounterTests;
			productName = GestureCounterTests;
			productReference = FB980BC826862AFC0022E3E4 /* GestureCounterTests.xctest */;
			productType = "com.apple.product-type.bundle.unit-test";
		};
		FB980BD226862AFD0022E3E4 /* GestureCounterUITests */ = {
			isa = PBXNativeTarget;
			buildConfigurationList = FB980BE226862AFD0022E3E4 /* Build configuration list for PBXNativeTarget "GestureCounterUITests" */;
			buildPhases = (
				FB980BCF26862AFD0022E3E4 /* Sources */,
				FB980BD026862AFD0022E3E4 /* Frameworks */,
				FB980BD126862AFD0022E3E4 /* Resources */,
			);
			buildRules = (
			);
			dependencies = (
				FB980BD526862AFD0022E3E4 /* PBXTargetDependency */,
			);
			name = GestureCounterUITests;
			productName = GestureCounterUITests;
			productReference = FB980BD326862AFD0022E3E4 /* GestureCounterUITests.xctest */;
			productType = "com.apple.product-type.bundle.ui-testing";
		};
/* End PBXNativeTarget section */

/* Begin PBXProject section */
		FB980BA926862AFC0022E3E4 /* Project object */ = {
			isa = PBXProject;
			attributes = {
				LastSwiftUpdateCheck = 1030;
				LastUpgradeCheck = 1030;
				ORGANIZATIONNAME = "Mahvish Syed";
				TargetAttributes = {
					FB980BB026862AFC0022E3E4 = {
						CreatedOnToolsVersion = 10.3;
					};
					FB980BC726862AFC0022E3E4 = {
						CreatedOnToolsVersion = 10.3;
						TestTargetID = FB980BB026862AFC0022E3E4;
					};
					FB980BD226862AFD0022E3E4 = {
						CreatedOnToolsVersion = 10.3;
						TestTargetID = FB980BB026862AFC0022E3E4;
					};
				};
			};
			buildConfigurationList = FB980BAC26862AFC0022E3E4 /* Build configuration list for PBXProject "GestureCounter" */;
			compatibilityVersion = "Xcode 9.3";
			developmentRegion = en;
			hasScannedForEncodings = 0;
			knownRegions = (
				en,
				Base,
			);
			mainGroup = FB980BA826862AFC0022E3E4;
			productRefGroup = FB980BB226862AFC0022E3E4 /* Products */;
			projectDirPath = "";
			projectRoot = "";
			targets = (
				FB980BB026862AFC0022E3E4 /* GestureCounter */,
				FB980BC726862AFC0022E3E4 /* GestureCounterTests */,
				FB980BD226862AFD0022E3E4 /* GestureCounterUITests */,
			);
		};
/* End PBXProject section */

/* Begin PBXResourcesBuildPhase section */
		FB980BAF26862AFC0022E3E4 /* Resources */ = {
			isa = PBXResourcesBuildPhase;
			buildActionMask = 2147483647;
			files = (
				FB980BC226862AFC0022E3E4 /* LaunchScreen.storyboard in Resources */,
				FB980BBF26862AFC0022E3E4 /* Assets.xcassets in Resources */,
				FB980BBA26862AFC0022E3E4 /* Main.storyboard in Resources */,
			);
			runOnlyForDeploymentPostprocessing = 0;
		};
		FB980BC626862AFC0022E3E4 /* Resources */ = {
			isa = PBXResourcesBuildPhase;
			buildActionMask = 2147483647;
			files = (
			);
			runOnlyForDeploymentPostprocessing = 0;
		};
		FB980BD126862AFD0022E3E4 /* Resources */ = {
			isa = PBXResourcesBuildPhase;
			buildActionMask = 2147483647;
			files = (
			);
			runOnlyForDeploymentPostprocessing = 0;
		};
/* End PBXResourcesBuildPhase section */

/* Begin PBXSourcesBuildPhase section */
		FB980BAD26862AFC0022E3E4 /* Sources */ = {
			isa = PBXSourcesBuildPhase;
			buildActionMask = 2147483647;
			files = (
				FB980BB726862AFC0022E3E4 /* ViewController.swift in Sources */,
				FB980BBD26862AFC0022E3E4 /* GestureCounter.xcdatamodeld in Sources */,
				FB980BB526862AFC0022E3E4 /* AppDelegate.swift in Sources */,
			);
			runOnlyForDeploymentPostprocessing = 0;
		};
		FB980BC426862AFC0022E3E4 /* Sources */ = {
			isa = PBXSourcesBuildPhase;
			buildActionMask = 2147483647;
			files = (
				FB980BCD26862AFD0022E3E4 /* GestureCounterTests.swift in Sources */,
			);
			runOnlyForDeploymentPostprocessing = 0;
		};
		FB980BCF26862AFD0022E3E4 /* Sources */ = {
			isa = PBXSourcesBuildPhase;
			buildActionMask = 2147483647;
			files = (
				FB980BD826862AFD0022E3E4 /* GestureCounterUITests.swift in Sources */,
			);
			runOnlyForDeploymentPostprocessing = 0;
		};
/* End PBXSourcesBuildPhase section */

/* Begin PBXTargetDependency section */
		FB980BCA26862AFC0022E3E4 /* PBXTargetDependency */ = {
			isa = PBXTargetDependency;
			target = FB980BB026862AFC0022E3E4 /* GestureCounter */;
			targetProxy = FB980BC926862AFC0022E3E4 /* PBXContainerItemProxy */;
		};
		FB980BD526862AFD0022E3E4 /* PBXTargetDependency */ = {
			isa = PBXTargetDependency;
			target = FB980BB026862AFC0022E3E4 /* GestureCounter */;
			targetProxy = FB980BD426862AFD0022E3E4 /* PBXContainerItemProxy */;
		};
/* End PBXTargetDependency section */

/* Begin PBXVariantGroup section */
		FB980BB826862AFC0022E3E4 /* Main.storyboard */ = {
			isa = PBXVariantGroup;
			children = (
				FB980BB926862AFC0022E3E4 /* Base */,
			);
			name = Main.storyboard;
			sourceTree = "<group>";
		};
		FB980BC026862AFC0022E3E4 /* LaunchScreen.storyboard */ = {
			isa = PBXVariantGroup;
			children = (
				FB980BC126862AFC0022E3E4 /* Base */,
			);
			name = LaunchScreen.storyboard;
			sourceTree = "<group>";
		};
/* End PBXVariantGroup section */

/* Begin XCBuildConfiguration section */
		FB980BDA26862AFD0022E3E4 /* Debug */ = {
			isa = XCBuildConfiguration;
			buildSettings = {
				ALWAYS_SEARCH_USER_PATHS = NO;
				CLANG_ANALYZER_NONNULL = YES;
				CLANG_ANALYZER_NUMBER_OBJECT_CONVERSION = YES_AGGRESSIVE;
				CLANG_CXX_LANGUAGE_STANDARD = "gnu++14";
				CLANG_CXX_LIBRARY = "libc++";
				CLANG_ENABLE_MODULES = YES;
				CLANG_ENABLE_OBJC_ARC = YES;
				CLANG_ENABLE_OBJC_WEAK = YES;
				CLANG_WARN_BLOCK_CAPTURE_AUTORELEASING = YES;
				CLANG_WARN_BOOL_CONVERSION = YES;
				CLANG_WARN_COMMA = YES;
				CLANG_WARN_CONSTANT_CONVERSION = YES;
				CLANG_WARN_DEPRECATED_OBJC_IMPLEMENTATIONS = YES;
				CLANG_WARN_DIRECT_OBJC_ISA_USAGE = YES_ERROR;
				CLANG_WARN_DOCUMENTATION_COMMENTS = YES;
				CLANG_WARN_EMPTY_BODY = YES;
				CLANG_WARN_ENUM_CONVERSION = YES;
				CLANG_WARN_INFINITE_RECURSION = YES;
				CLANG_WARN_INT_CONVERSION = YES;
				CLANG_WARN_NON_LITERAL_NULL_CONVERSION = YES;
				CLANG_WARN_OBJC_IMPLICIT_RETAIN_SELF = YES;
				CLANG_WARN_OBJC_LITERAL_CONVERSION = YES;
				CLANG_WARN_OBJC_ROOT_CLASS = YES_ERROR;
				CLANG_WARN_RANGE_LOOP_ANALYSIS = YES;
				CLANG_WARN_STRICT_PROTOTYPES = YES;
				CLANG_WARN_SUSPICIOUS_MOVE = YES;
				CLANG_WARN_UNGUARDED_AVAILABILITY = YES_AGGRESSIVE;
				CLANG_WARN_UNREACHABLE_CODE = YES;
				CLANG_WARN__DUPLICATE_METHOD_MATCH = YES;
				CODE_SIGN_IDENTITY = "iPhone Developer";
				COPY_PHASE_STRIP = NO;
				DEBUG_INFORMATION_FORMAT = dwarf;
				ENABLE_STRICT_OBJC_MSGSEND = YES;
				ENABLE_TESTABILITY = YES;
				GCC_C_LANGUAGE_STANDARD = gnu11;
				GCC_DYNAMIC_NO_PIC = NO;
				GCC_NO_COMMON_BLOCKS = YES;
				GCC_OPTIMIZATION_LEVEL = 0;
				GCC_PREPROCESSOR_DEFINITIONS = (
					"DEBUG=1",
					"$(inherited)",
				);
				GCC_WARN_64_TO_32_BIT_CONVERSION = YES;
				GCC_WARN_ABOUT_RETURN_TYPE = YES_ERROR;
				GCC_WARN_UNDECLARED_SELECTOR = YES;
				GCC_WARN_UNINITIALIZED_AUTOS = YES_AGGRESSIVE;
				GCC_WARN_UNUSED_FUNCTION = YES;
				GCC_WARN_UNUSED_VARIABLE = YES;
				IPHONEOS_DEPLOYMENT_TARGET = 12.4;
				MTL_ENABLE_DEBUG_INFO = INCLUDE_SOURCE;
				MTL_FAST_MATH = YES;
				ONLY_ACTIVE_ARCH = YES;
				SDKROOT = iphoneos;
				SWIFT_ACTIVE_COMPILATION_CONDITIONS = DEBUG;
				SWIFT_OPTIMIZATION_LEVEL = "-Onone";
			};
			name = Debug;
		};
		FB980BDB26862AFD0022E3E4 /* Release */ = {
			isa = XCBuildConfiguration;
			buildSettings = {
				ALWAYS_SEARCH_USER_PATHS = NO;
				CLANG_ANALYZER_NONNULL = YES;
				CLANG_ANALYZER_NUMBER_OBJECT_CONVERSION = YES_AGGRESSIVE;
				CLANG_CXX_LANGUAGE_STANDARD = "gnu++14";
				CLANG_CXX_LIBRARY = "libc++";
				CLANG_ENABLE_MODULES = YES;
				CLANG_ENABLE_OBJC_ARC = YES;
				CLANG_ENABLE_OBJC_WEAK = YES;
				CLANG_WARN_BLOCK_CAPTURE_AUTORELEASING = YES;
				CLANG_WARN_BOOL_CONVERSION = YES;
				CLANG_WARN_COMMA = YES;
				CLANG_WARN_CONSTANT_CONVERSION = YES;
				CLANG_WARN_DEPRECATED_OBJC_IMPLEMENTATIONS = YES;
				CLANG_WARN_DIRECT_OBJC_ISA_USAGE = YES_ERROR;
				CLANG_WARN_DOCUMENTATION_COMMENTS = YES;
				CLANG_WARN_EMPTY_BODY = YES;
				CLANG_WARN_ENUM_CONVERSION = YES;
				CLANG_WARN_INFINITE_RECURSION = YES;
				CLANG_WARN_INT_CONVERSION = YES;
				CLANG_WARN_NON_LITERAL_NULL_CONVERSION = YES;
				CLANG_WARN_OBJC_IMPLICIT_RETAIN_SELF = YES;
				CLANG_WARN_OBJC_LITERAL_CONVERSION = YES;
				CLANG_WARN_OBJC_ROOT_CLASS = YES_ERROR;
				CLANG_WARN_RANGE_LOOP_ANALYSIS = YES;
				CLANG_WARN_STRICT_PROTOTYPES = YES;
				CLANG_WARN_SUSPICIOUS_MOVE = YES;
				CLANG_WARN_UNGUARDED_AVAILABILITY = YES_AGGRESSIVE;
				CLANG_WARN_UNREACHABLE_CODE = YES;
				CLANG_WARN__DUPLICATE_METHOD_MATCH = YES;
				CODE_SIGN_IDENTITY = "iPhone Developer";
				COPY_PHASE_STRIP = NO;
				DEBUG_INFORMATION_FORMAT = "dwarf-with-dsym";
				ENABLE_NS_ASSERTIONS = NO;
				ENABLE_STRICT_OBJC_MSGSEND = YES;
				GCC_C_LANGUAGE_STANDARD = gnu11;
				GCC_NO_COMMON_BLOCKS = YES;
				GCC_WARN_64_TO_32_BIT_CONVERSION = YES;
				GCC_WARN_ABOUT_RETURN_TYPE = YES_ERROR;
				GCC_WARN_UNDECLARED_SELECTOR = YES;
				GCC_WARN_UNINITIALIZED_AUTOS = YES_AGGRESSIVE;
				GCC_WARN_UNUSED_FUNCTION = YES;
				GCC_WARN_UNUSED_VARIABLE = YES;
				IPHONEOS_DEPLOYMENT_TARGET = 12.4;
				MTL_ENABLE_DEBUG_INFO = NO;
				MTL_FAST_MATH = YES;
				SDKROOT = iphoneos;
				SWIFT_COMPILATION_MODE = wholemodule;
				SWIFT_OPTIMIZATION_LEVEL = "-O";
				VALIDATE_PRODUCT = YES;
			};
			name = Release;
		};
		FB980BDD26862AFD0022E3E4 /* Debug */ = {
			isa = XCBuildConfiguration;
			buildSettings = {
				ASSETCATALOG_COMPILER_APPICON_NAME = AppIcon;
				CODE_SIGN_STYLE = Automatic;
				INFOPLIST_FILE = GestureCounter/Info.plist;
				LD_RUNPATH_SEARCH_PATHS = (
					"$(inherited)",
					"@executable_path/Frameworks",
				);
				PRODUCT_BUNDLE_IDENTIFIER = com.syedmahvish.GestureCounter;
				PRODUCT_NAME = "$(TARGET_NAME)";
				SWIFT_VERSION = 5.0;
				TARGETED_DEVICE_FAMILY = "1,2";
			};
			name = Debug;
		};
		FB980BDE26862AFD0022E3E4 /* Release */ = {
			isa = XCBuildConfiguration;
			buildSettings = {
				ASSETCATALOG_COMPILER_APPICON_NAME = AppIcon;
				CODE_SIGN_STYLE = Automatic;
				INFOPLIST_FILE = GestureCounter/Info.plist;
				LD_RUNPATH_SEARCH_PATHS = (
					"$(inherited)",
					"@executable_path/Frameworks",
				);
				PRODUCT_BUNDLE_IDENTIFIER = com.syedmahvish.GestureCounter;
				PRODUCT_NAME = "$(TARGET_NAME)";
				SWIFT_VERSION = 5.0;
				TARGETED_DEVICE_FAMILY = "1,2";
			};
			name = Release;
		};
		FB980BE026862AFD0022E3E4 /* Debug */ = {
			isa = XCBuildConfiguration;
			buildSettings = {
				ALWAYS_EMBED_SWIFT_STANDARD_LIBRARIES = YES;
				BUNDLE_LOADER = "$(TEST_HOST)";
				CODE_SIGN_STYLE = Automatic;
				INFOPLIST_FILE = GestureCounterTests/Info.plist;
				LD_RUNPATH_SEARCH_PATHS = (
					"$(inherited)",
					"@executable_path/Frameworks",
					"@loader_path/Frameworks",
				);
				PRODUCT_BUNDLE_IDENTIFIER = com.syedmahvish.GestureCounterTests;
				PRODUCT_NAME = "$(TARGET_NAME)";
				SWIFT_VERSION = 5.0;
				TARGETED_DEVICE_FAMILY = "1,2";
				TEST_HOST = "$(BUILT_PRODUCTS_DIR)/GestureCounter.app/GestureCounter";
			};
			name = Debug;
		};
		FB980BE126862AFD0022E3E4 /* Release */ = {
			isa = XCBuildConfiguration;
			buildSettings = {
				ALWAYS_EMBED_SWIFT_STANDARD_LIBRARIES = YES;
				BUNDLE_LOADER = "$(TEST_HOST)";
				CODE_SIGN_STYLE = Automatic;
				INFOPLIST_FILE = GestureCounterTests/Info.plist;
				LD_RUNPATH_SEARCH_PATHS = (
					"$(inherited)",
					"@executable_path/Frameworks",
					"@loader_path/Frameworks",
				);
				PRODUCT_BUNDLE_IDENTIFIER = com.syedmahvish.GestureCounterTests;
				PRODUCT_NAME = "$(TARGET_NAME)";
				SWIFT_VERSION = 5.0;
				TARGETED_DEVICE_FAMILY = "1,2";
				TEST_HOST = "$(BUILT_PRODUCTS_DIR)/GestureCounter.app/GestureCounter";
			};
			name = Release;
		};
		FB980BE326862AFD0022E3E4 /* Debug */ = {
			isa = XCBuildConfiguration;
			buildSettings = {
				ALWAYS_EMBED_SWIFT_STANDARD_LIBRARIES = YES;
				CODE_SIGN_STYLE = Automatic;
				INFOPLIST_FILE = GestureCounterUITests/Info.plist;
				LD_RUNPATH_SEARCH_PATHS = (
					"$(inherited)",
					"@executable_path/Frameworks",
					"@loader_path/Frameworks",
				);
				PRODUCT_BUNDLE_IDENTIFIER = com.syedmahvish.GestureCounterUITests;
				PRODUCT_NAME = "$(TARGET_NAME)";
				SWIFT_VERSION = 5.0;
				TARGETED_DEVICE_FAMILY = "1,2";
				TEST_TARGET_NAME = GestureCounter;
			};
			name = Debug;
		};
		FB980BE426862AFD0022E3E4 /* Release */ = {
			isa = XCBuildConfiguration;
			buildSettings = {
				ALWAYS_EMBED_SWIFT_STANDARD_LIBRARIES = YES;
				CODE_SIGN_STYLE = Automatic;
				INFOPLIST_FILE = GestureCounterUITests/Info.plist;
				LD_RUNPATH_SEARCH_PATHS = (
					"$(inherited)",
					"@executable_path/Frameworks",
					"@loader_path/Frameworks",
				);
				PRODUCT_BUNDLE_IDENTIFIER = com.syedmahvish.GestureCounterUITests;
				PRODUCT_NAME = "$(TARGET_NAME)";
				SWIFT_VERSION = 5.0;
				TARGETED_DEVICE_FAMILY = "1,2";
				TEST_TARGET_NAME = GestureCounter;
			};
			name = Release;
		};
/* End XCBuildConfiguration section */

/* Begin XCConfigurationList section */
		FB980BAC26862AFC0022E3E4 /* Build configuration list for PBXProject "GestureCounter" */ = {
			isa = XCConfigurationList;
			buildConfigurations = (
				FB980BDA26862AFD0022E3E4 /* Debug */,
				FB980BDB26862AFD0022E3E4 /* Release */,
			);
			defaultConfigurationIsVisible = 0;
			defaultConfigurationName = Release;
		};
		FB980BDC26862AFD0022E3E4 /* Build configuration list for PBXNativeTarget "GestureCounter" */ = {
			isa = XCConfigurationList;
			buildConfigurations = (
				FB980BDD26862AFD0022E3E4 /* Debug */,
				FB980BDE26862AFD0022E3E4 /* Release */,
			);
			defaultConfigurationIsVisible = 0;
			defaultConfigurationName = Release;
		};
		FB980BDF26862AFD0022E3E4 /* Build configuration list for PBXNativeTarget "GestureCounterTests" */ = {
			isa = XCConfigurationList;
			buildConfigurations = (
				FB980BE026862AFD0022E3E4 /* Debug */,
				FB980BE126862AFD0022E3E4 /* Release */,
			);
			defaultConfigurationIsVisible = 0;
			defaultConfigurationName = Release;
		};
		FB980BE226862AFD0022E3E4 /* Build configuration list for PBXNativeTarget "GestureCounterUITests" */ = {
			isa = XCConfigurationList;
			buildConfigurations = (
				FB980BE326862AFD0022E3E4 /* Debug */,
				FB980BE426862AFD0022E3E4 /* Release */,
			);
			defaultConfigurationIsVisible = 0;
			defaultConfigurationName = Release;
		};
/* End XCConfigurationList section */

/* Begin XCVersionGroup section */
		FB980BBB26862AFC0022E3E4 /* GestureCounter.xcdatamodeld */ = {
			isa = XCVersionGroup;
			children = (
				FB980BBC26862AFC0022E3E4 /* GestureCounter.xcdatamodel */,
			);
			currentVersion = FB980BBC26862AFC0022E3E4 /* GestureCounter.xcdatamodel */;
			path = GestureCounter.xcdatamodeld;
			sourceTree = "<group>";
			versionGroupType = wrapper.xcdatamodel;
		};
/* End XCVersionGroup section */
	};
	rootObject = FB980BA926862AFC0022E3E4 /* Project object */;
}
